
Microsoft Visual Studio Solution File, Format Version 12.00
# Visual Studio Version 17
VisualStudioVersion = 17.14.36414.22 d17.14
MinimumVisualStudioVersion = 10.0.40219.1
Project("{FAE04EC0-301F-11D3-BF4B-00C04F79EFBC}") = "Simulation 2", "Simulation 2\Simulation 2.csproj", "{22260B8B-6F71-4EE0-B020-D4ECEE6922B0}"
EndProject
Global
	GlobalSection(SolutionConfigurationPlatforms) = preSolution
		Debug|Any CPU = Debug|Any CPU
		Release|Any CPU = Release|Any CPU
	EndGlobalSection
	GlobalSection(ProjectConfigurationPlatforms) = postSolution
		{22260B8B-6F71-4EE0-B020-D4ECEE6922B0}.Debug|Any CPU.ActiveCfg = Debug|Any CPU
		{22260B8B-6F71-4EE0-B020-D4ECEE6922B0}.Debug|Any CPU.Build.0 = Debug|Any CPU
		{22260B8B-6F71-4EE0-B020-D4ECEE6922B0}.Release|Any CPU.ActiveCfg = Release|Any CPU
		{22260B8B-6F71-4EE0-B020-D4ECEE6922B0}.Release|Any CPU.Build.0 = Release|Any CPU
	EndGlobalSection
	GlobalSection(SolutionProperties) = preSolution
		HideSolutionNode = FALSE
	EndGlobalSection
	GlobalSection(ExtensibilityGlobals) = postSolution
		SolutionGuid = {5761B175-084F-40A2-ABDC-9A0144CF8EE4}
	EndGlobalSection
EndGlobal
